
Microsoft Visual Studio Solution File, Format Version 12.00
# Visual Studio Version 16
VisualStudioVersion = 16.0.30320.27
MinimumVisualStudioVersion = 10.0.40219.1
Project("{FAE04EC0-301F-11D3-BF4B-00C04F79EFBC}") = "XamarinExer1.Android", "XamarinExer1\XamarinExer1.Android\XamarinExer1.Android.csproj", "{1CD644AD-31CD-446D-A27A-70692389CDAA}"
EndProject
Project("{FAE04EC0-301F-11D3-BF4B-00C04F79EFBC}") = "XamarinExer1.iOS", "XamarinExer1\XamarinExer1.iOS\XamarinExer1.iOS.csproj", "{A425058F-7D3C-44CB-B424-B507D79E0F3A}"
EndProject
Project("{FAE04EC0-301F-11D3-BF4B-00C04F79EFBC}") = "XamarinExer1", "XamarinExer1\XamarinExer1\XamarinExer1.csproj", "{D12B7B39-4B21-4448-88AB-88C5ED2C0BC8}"
EndProject
Global
	GlobalSection(SolutionConfigurationPlatforms) = preSolution
		Debug|Any CPU = Debug|Any CPU
		Debug|iPhone = Debug|iPhone
		Debug|iPhoneSimulator = Debug|iPhoneSimulator
		Release|Any CPU = Release|Any CPU
		Release|iPhone = Release|iPhone
		Release|iPhoneSimulator = Release|iPhoneSimulator
	EndGlobalSection
	GlobalSection(ProjectConfigurationPlatforms) = postSolution
		{1CD644AD-31CD-446D-A27A-70692389CDAA}.Debug|Any CPU.ActiveCfg = Debug|Any CPU
		{1CD644AD-31CD-446D-A27A-70692389CDAA}.Debug|Any CPU.Build.0 = Debug|Any CPU
		{1CD644AD-31CD-446D-A27A-70692389CDAA}.Debug|Any CPU.Deploy.0 = Debug|Any CPU
		{1CD644AD-31CD-446D-A27A-70692389CDAA}.Debug|iPhone.ActiveCfg = Debug|Any CPU
		{1CD644AD-31CD-446D-A27A-70692389CDAA}.Debug|iPhone.Build.0 = Debug|Any CPU
		{1CD644AD-31CD-446D-A27A-70692389CDAA}.Debug|iPhone.Deploy.0 = Debug|Any CPU
		{1CD644AD-31CD-446D-A27A-70692389CDAA}.Debug|iPhoneSimulator.ActiveCfg = Debug|Any CPU
		{1CD644AD-31CD-446D-A27A-70692389CDAA}.Debug|iPhoneSimulator.Build.0 = Debug|Any CPU
		{1CD644AD-31CD-446D-A27A-70692389CDAA}.Debug|iPhoneSimulator.Deploy.0 = Debug|Any CPU
		{1CD644AD-31CD-446D-A27A-70692389CDAA}.Release|Any CPU.ActiveCfg = Release|Any CPU
		{1CD644AD-31CD-446D-A27A-70692389CDAA}.Release|Any CPU.Build.0 = Release|Any CPU
		{1CD644AD-31CD-446D-A27A-70692389CDAA}.Release|Any CPU.Deploy.0 = Release|Any CPU
		{1CD644AD-31CD-446D-A27A-70692389CDAA}.Release|iPhone.ActiveCfg = Release|Any CPU
		{1CD644AD-31CD-446D-A27A-70692389CDAA}.Release|iPhone.Build.0 = Release|Any CPU
		{1CD644AD-31CD-446D-A27A-70692389CDAA}.Release|iPhone.Deploy.0 = Release|Any CPU
		{1CD644AD-31CD-446D-A27A-70692389CDAA}.Release|iPhoneSimulator.ActiveCfg = Release|Any CPU
		{1CD644AD-31CD-446D-A27A-70692389CDAA}.Release|iPhoneSimulator.Build.0 = Release|Any CPU
		{1CD644AD-31CD-446D-A27A-70692389CDAA}.Release|iPhoneSimulator.Deploy.0 = Release|Any CPU
		{A425058F-7D3C-44CB-B424-B507D79E0F3A}.Debug|Any CPU.ActiveCfg = Debug|iPhone
		{A425058F-7D3C-44CB-B424-B507D79E0F3A}.Debug|Any CPU.Build.0 = Debug|iPhone
		{A425058F-7D3C-44CB-B424-B507D79E0F3A}.Debug|Any CPU.Deploy.0 = Debug|iPhone
		{A425058F-7D3C-44CB-B424-B507D79E0F3A}.Debug|iPhone.ActiveCfg = Debug|iPhone
		{A425058F-7D3C-44CB-B424-B507D79E0F3A}.Debug|iPhone.Build.0 = Debug|iPhone
		{A425058F-7D3C-44CB-B424-B507D79E0F3A}.Debug|iPhone.Deploy.0 = Debug|iPhone
		{A425058F-7D3C-44CB-B424-B507D79E0F3A}.Debug|iPhoneSimulator.ActiveCfg = Debug|iPhoneSimulator
		{A425058F-7D3C-44CB-B424-B507D79E0F3A}.Debug|iPhoneSimulator.Build.0 = Debug|iPhoneSimulator
		{A425058F-7D3C-44CB-B424-B507D79E0F3A}.Debug|iPhoneSimulator.Deploy.0 = Debug|iPhoneSimulator
		{A425058F-7D3C-44CB-B424-B507D79E0F3A}.Release|Any CPU.ActiveCfg = Release|iPhone
		{A425058F-7D3C-44CB-B424-B507D79E0F3A}.Release|Any CPU.Build.0 = Release|iPhone
		{A425058F-7D3C-44CB-B424-B507D79E0F3A}.Release|Any CPU.Deploy.0 = Release|iPhone
		{A425058F-7D3C-44CB-B424-B507D79E0F3A}.Release|iPhone.ActiveCfg = Release|iPhone
		{A425058F-7D3C-44CB-B424-B507D79E0F3A}.Release|iPhone.Build.0 = Release|iPhone
		{A425058F-7D3C-44CB-B424-B507D79E0F3A}.Release|iPhone.Deploy.0 = Release|iPhone
		{A425058F-7D3C-44CB-B424-B507D79E0F3A}.Release|iPhoneSimulator.ActiveCfg = Release|iPhoneSimulator
		{A425058F-7D3C-44CB-B424-B507D79E0F3A}.Release|iPhoneSimulator.Build.0 = Release|iPhoneSimulator
		{A425058F-7D3C-44CB-B424-B507D79E0F3A}.Release|iPhoneSimulator.Deploy.0 = Release|iPhoneSimulator
		{D12B7B39-4B21-4448-88AB-88C5ED2C0BC8}.Debug|Any CPU.ActiveCfg = Debug|Any CPU
		{D12B7B39-4B21-4448-88AB-88C5ED2C0BC8}.Debug|Any CPU.Build.0 = Debug|Any CPU
		{D12B7B39-4B21-4448-88AB-88C5ED2C0BC8}.Debug|Any CPU.Deploy.0 = Debug|Any CPU
		{D12B7B39-4B21-4448-88AB-88C5ED2C0BC8}.Debug|iPhone.ActiveCfg = Debug|Any CPU
		{D12B7B39-4B21-4448-88AB-88C5ED2C0BC8}.Debug|iPhone.Build.0 = Debug|Any CPU
		{D12B7B39-4B21-4448-88AB-88C5ED2C0BC8}.Debug|iPhone.Deploy.0 = Debug|Any CPU
		{D12B7B39-4B21-4448-88AB-88C5ED2C0BC8}.Debug|iPhoneSimulator.ActiveCfg = Debug|Any CPU
		{D12B7B39-4B21-4448-88AB-88C5ED2C0BC8}.Debug|iPhoneSimulator.Build.0 = Debug|Any CPU
		{D12B7B39-4B21-4448-88AB-88C5ED2C0BC8}.Debug|iPhoneSimulator.Deploy.0 = Debug|Any CPU
		{D12B7B39-4B21-4448-88AB-88C5ED2C0BC8}.Release|Any CPU.ActiveCfg = Release|Any CPU
		{D12B7B39-4B21-4448-88AB-88C5ED2C0BC8}.Release|Any CPU.Build.0 = Release|Any CPU
		{D12B7B39-4B21-4448-88AB-88C5ED2C0BC8}.Release|Any CPU.Deploy.0 = Release|Any CPU
		{D12B7B39-4B21-4448-88AB-88C5ED2C0BC8}.Release|iPhone.ActiveCfg = Release|Any CPU
		{D12B7B39-4B21-4448-88AB-88C5ED2C0BC8}.Release|iPhone.Build.0 = Release|Any CPU
		{D12B7B39-4B21-4448-88AB-88C5ED2C0BC8}.Release|iPhone.Deploy.0 = Release|Any CPU
		{D12B7B39-4B21-4448-88AB-88C5ED2C0BC8}.Release|iPhoneSimulator.ActiveCfg = Release|Any CPU
		{D12B7B39-4B21-4448-88AB-88C5ED2C0BC8}.Release|iPhoneSimulator.Build.0 = Release|Any CPU
		{D12B7B39-4B21-4448-88AB-88C5ED2C0BC8}.Release|iPhoneSimulator.Deploy.0 = Release|Any CPU
	EndGlobalSection
	GlobalSection(SolutionProperties) = preSolution
		HideSolutionNode = FALSE
	EndGlobalSection
	GlobalSection(ExtensibilityGlobals) = postSolution
		SolutionGuid = {12C26A4D-7A06-4D5A-8717-891EE3E1A37F}
	EndGlobalSection
EndGlobal
